
Microsoft Visual Studio Solution File, Format Version 12.00
# Visual Studio Version 17
VisualStudioVersion = 17.5.33424.131
MinimumVisualStudioVersion = 10.0.40219.1
Project("{FAE04EC0-301F-11D3-BF4B-00C04F79EFBC}") = "AdapterDesignPattern", "AdapterDesignPattern\AdapterDesignPattern.csproj", "{A695B4C4-CD60-46F3-B0BD-32468FEF1E79}"
EndProject
Global
	GlobalSection(SolutionConfigurationPlatforms) = preSolution
		Debug|Any CPU = Debug|Any CPU
		Release|Any CPU = Release|Any CPU
	EndGlobalSection
	GlobalSection(ProjectConfigurationPlatforms) = postSolution
		{A695B4C4-CD60-46F3-B0BD-32468FEF1E79}.Debug|Any CPU.ActiveCfg = Debug|Any CPU
		{A695B4C4-CD60-46F3-B0BD-32468FEF1E79}.Debug|Any CPU.Build.0 = Debug|Any CPU
		{A695B4C4-CD60-46F3-B0BD-32468FEF1E79}.Release|Any CPU.ActiveCfg = Release|Any CPU
		{A695B4C4-CD60-46F3-B0BD-32468FEF1E79}.Release|Any CPU.Build.0 = Release|Any CPU
	EndGlobalSection
	GlobalSection(SolutionProperties) = preSolution
		HideSolutionNode = FALSE
	EndGlobalSection
	GlobalSection(ExtensibilityGlobals) = postSolution
		SolutionGuid = {C8FBB694-6289-4C6F-9396-953CAC1C9E00}
	EndGlobalSection
EndGlobal
